// !$*UTF8*$!
{
	archiveVersion = 1;
	classes = {
	};
	objectVersion = 48;
	objects = {

/* Begin PBXBuildFile section */
		14F89476E348AAEFD2EB0AAC /* Pods_CLIDemoTests.framework in Frameworks */ = {isa = PBXBuildFile; fileRef = 692889BA92DD502354429D1F /* Pods_CLIDemoTests.framework */; };
		662CE5734D6C90BEA35EEEB1 /* Pods_CLIDemo.framework in Frameworks */ = {isa = PBXBuildFile; fileRef = 139A4CF42DB41699F0FCB7B8 /* Pods_CLIDemo.framework */; };
		E411C8DE1FCD7FF400AC6166 /* SignalProducer+Unbox.swift in Sources */ = {isa = PBXBuildFile; fileRef = E411C8DD1FCD7FF400AC6166 /* SignalProducer+Unbox.swift */; };
		E411C8E01FCD826700AC6166 /* Response+Unbox.swift in Sources */ = {isa = PBXBuildFile; fileRef = E411C8DF1FCD826700AC6166 /* Response+Unbox.swift */; };
		E445B6DF1FCF3D1400175237 /* RepositoryListViewModelSpecs.swift in Sources */ = {isa = PBXBuildFile; fileRef = E411C8E11FCDDA4500AC6166 /* RepositoryListViewModelSpecs.swift */; };
		E45CF5F91FD07329005AF92F /* RepositoryDetailViewController.swift in Sources */ = {isa = PBXBuildFile; fileRef = E45CF5F81FD07329005AF92F /* RepositoryDetailViewController.swift */; };
		E45CF5FC1FD0B1EA005AF92F /* ReposEndpointSampleData.swift in Sources */ = {isa = PBXBuildFile; fileRef = E45CF5FB1FD0B1EA005AF92F /* ReposEndpointSampleData.swift */; };
		E46BD5671FCC7CD500033C88 /* AppDelegate.swift in Sources */ = {isa = PBXBuildFile; fileRef = E46BD5661FCC7CD500033C88 /* AppDelegate.swift */; };
		E46BD56E1FCC7CD500033C88 /* Assets.xcassets in Resources */ = {isa = PBXBuildFile; fileRef = E46BD56D1FCC7CD500033C88 /* Assets.xcassets */; };
		E46BD5711FCC7CD500033C88 /* LaunchScreen.storyboard in Resources */ = {isa = PBXBuildFile; fileRef = E46BD56F1FCC7CD500033C88 /* LaunchScreen.storyboard */; };
		E46BD5871FCC7E4200033C88 /* GitHubApi.swift in Sources */ = {isa = PBXBuildFile; fileRef = E46BD5861FCC7E4200033C88 /* GitHubApi.swift */; };
		E46BD58C1FCCC7DE00033C88 /* RepositoryListViewModel.swift in Sources */ = {isa = PBXBuildFile; fileRef = E46BD58B1FCCC7DE00033C88 /* RepositoryListViewModel.swift */; };
		E46BD58E1FCCC7ED00033C88 /* RepositoryListViewController.swift in Sources */ = {isa = PBXBuildFile; fileRef = E46BD58D1FCCC7ED00033C88 /* RepositoryListViewController.swift */; };
		E46BD5911FCCC80400033C88 /* GHRepository.swift in Sources */ = {isa = PBXBuildFile; fileRef = E46BD5901FCCC80400033C88 /* GHRepository.swift */; };
/* End PBXBuildFile section */

/* Begin PBXContainerItemProxy section */
		E46BD5781FCC7CD500033C88 /* PBXContainerItemProxy */ = {
			isa = PBXContainerItemProxy;
			containerPortal = E46BD55B1FCC7CD500033C88 /* Project object */;
			proxyType = 1;
			remoteGlobalIDString = E46BD5621FCC7CD500033C88;
			remoteInfo = CLIDemo;
		};
/* End PBXContainerItemProxy section */

/* Begin PBXFileReference section */
		139A4CF42DB41699F0FCB7B8 /* Pods_CLIDemo.framework */ = {isa = PBXFileReference; explicitFileType = wrapper.framework; includeInIndex = 0; path = Pods_CLIDemo.framework; sourceTree = BUILT_PRODUCTS_DIR; };
		28529599F910067E27012894 /* Pods-CLIDemo2Tests.release.xcconfig */ = {isa = PBXFileReference; includeInIndex = 1; lastKnownFileType = text.xcconfig; name = "Pods-CLIDemo2Tests.release.xcconfig"; path = "Pods/Target Support Files/Pods-CLIDemo2Tests/Pods-CLIDemo2Tests.release.xcconfig"; sourceTree = "<group>"; };
		51AB94884B4D35FD20E2C155 /* Pods-CLIDemoTests.release.xcconfig */ = {isa = PBXFileReference; includeInIndex = 1; lastKnownFileType = text.xcconfig; name = "Pods-CLIDemoTests.release.xcconfig"; path = "Pods/Target Support Files/Pods-CLIDemoTests/Pods-CLIDemoTests.release.xcconfig"; sourceTree = "<group>"; };
		692889BA92DD502354429D1F /* Pods_CLIDemoTests.framework */ = {isa = PBXFileReference; explicitFileType = wrapper.framework; includeInIndex = 0; path = Pods_CLIDemoTests.framework; sourceTree = BUILT_PRODUCTS_DIR; };
		85FD6E090D614F3F1B5EB0C7 /* Pods-CLIDemoTests.debug.xcconfig */ = {isa = PBXFileReference; includeInIndex = 1; lastKnownFileType = text.xcconfig; name = "Pods-CLIDemoTests.debug.xcconfig"; path = "Pods/Target Support Files/Pods-CLIDemoTests/Pods-CLIDemoTests.debug.xcconfig"; sourceTree = "<group>"; };
		8B0E37356275FB8E35B1B7FD /* Pods_CLIDemo2Tests.framework */ = {isa = PBXFileReference; explicitFileType = wrapper.framework; includeInIndex = 0; path = Pods_CLIDemo2Tests.framework; sourceTree = BUILT_PRODUCTS_DIR; };
		A145D10F4CFC136EA00E3E2F /* Pods-CLIDemo2Tests.debug.xcconfig */ = {isa = PBXFileReference; includeInIndex = 1; lastKnownFileType = text.xcconfig; name = "Pods-CLIDemo2Tests.debug.xcconfig"; path = "Pods/Target Support Files/Pods-CLIDemo2Tests/Pods-CLIDemo2Tests.debug.xcconfig"; sourceTree = "<group>"; };
		A21A382E30E47A7C4E41683D /* Pods-CLIDemo.debug.xcconfig */ = {isa = PBXFileReference; includeInIndex = 1; lastKnownFileType = text.xcconfig; name = "Pods-CLIDemo.debug.xcconfig"; path = "Pods/Target Support Files/Pods-CLIDemo/Pods-CLIDemo.debug.xcconfig"; sourceTree = "<group>"; };
		E411C8DD1FCD7FF400AC6166 /* SignalProducer+Unbox.swift */ = {isa = PBXFileReference; fileEncoding = 4; lastKnownFileType = sourcecode.swift; path = "SignalProducer+Unbox.swift"; sourceTree = "<group>"; };
		E411C8DF1FCD826700AC6166 /* Response+Unbox.swift */ = {isa = PBXFileReference; fileEncoding = 4; lastKnownFileType = sourcecode.swift; path = "Response+Unbox.swift"; sourceTree = "<group>"; };
		E411C8E11FCDDA4500AC6166 /* RepositoryListViewModelSpecs.swift */ = {isa = PBXFileReference; lastKnownFileType = sourcecode.swift; path = RepositoryListViewModelSpecs.swift; sourceTree = "<group>"; };
		E45CF5F81FD07329005AF92F /* RepositoryDetailViewController.swift */ = {isa = PBXFileReference; lastKnownFileType = sourcecode.swift; path = RepositoryDetailViewController.swift; sourceTree = "<group>"; };
		E45CF5FB1FD0B1EA005AF92F /* ReposEndpointSampleData.swift */ = {isa = PBXFileReference; lastKnownFileType = sourcecode.swift; path = ReposEndpointSampleData.swift; sourceTree = "<group>"; };
		E46BD5631FCC7CD500033C88 /* CLIDemo.app */ = {isa = PBXFileReference; explicitFileType = wrapper.application; includeInIndex = 0; path = CLIDemo.app; sourceTree = BUILT_PRODUCTS_DIR; };
		E46BD5661FCC7CD500033C88 /* AppDelegate.swift */ = {isa = PBXFileReference; lastKnownFileType = sourcecode.swift; path = AppDelegate.swift; sourceTree = "<group>"; };
		E46BD56D1FCC7CD500033C88 /* Assets.xcassets */ = {isa = PBXFileReference; lastKnownFileType = folder.assetcatalog; path = Assets.xcassets; sourceTree = "<group>"; };
		E46BD5701FCC7CD500033C88 /* Base */ = {isa = PBXFileReference; lastKnownFileType = file.storyboard; name = Base; path = Base.lproj/LaunchScreen.storyboard; sourceTree = "<group>"; };
		E46BD5721FCC7CD500033C88 /* Info.plist */ = {isa = PBXFileReference; lastKnownFileType = text.plist.xml; path = Info.plist; sourceTree = "<group>"; };
		E46BD5771FCC7CD500033C88 /* CLIDemoTests.xctest */ = {isa = PBXFileReference; explicitFileType = wrapper.cfbundle; includeInIndex = 0; path = CLIDemoTests.xctest; sourceTree = BUILT_PRODUCTS_DIR; };
		E46BD57D1FCC7CD500033C88 /* Info.plist */ = {isa = PBXFileReference; lastKnownFileType = text.plist.xml; path = Info.plist; sourceTree = "<group>"; };
		E46BD5861FCC7E4200033C88 /* GitHubApi.swift */ = {isa = PBXFileReference; lastKnownFileType = sourcecode.swift; path = GitHubApi.swift; sourceTree = "<group>"; };
		E46BD58B1FCCC7DE00033C88 /* RepositoryListViewModel.swift */ = {isa = PBXFileReference; lastKnownFileType = sourcecode.swift; path = RepositoryListViewModel.swift; sourceTree = "<group>"; };
		E46BD58D1FCCC7ED00033C88 /* RepositoryListViewController.swift */ = {isa = PBXFileReference; lastKnownFileType = sourcecode.swift; path = RepositoryListViewController.swift; sourceTree = "<group>"; };
		E46BD5901FCCC80400033C88 /* GHRepository.swift */ = {isa = PBXFileReference; lastKnownFileType = sourcecode.swift; path = GHRepository.swift; sourceTree = "<group>"; };
		FB726DB431D79918F94B5DE1 /* Pods-CLIDemo.release.xcconfig */ = {isa = PBXFileReference; includeInIndex = 1; lastKnownFileType = text.xcconfig; name = "Pods-CLIDemo.release.xcconfig"; path = "Pods/Target Support Files/Pods-CLIDemo/Pods-CLIDemo.release.xcconfig"; sourceTree = "<group>"; };
/* End PBXFileReference section */

/* Begin PBXFrameworksBuildPhase section */
		E46BD5601FCC7CD500033C88 /* Frameworks */ = {
			isa = PBXFrameworksBuildPhase;
			buildActionMask = 2147483647;
			files = (
				662CE5734D6C90BEA35EEEB1 /* Pods_CLIDemo.framework in Frameworks */,
			);
			runOnlyForDeploymentPostprocessing = 0;
		};
		E46BD5741FCC7CD500033C88 /* Frameworks */ = {
			isa = PBXFrameworksBuildPhase;
			buildActionMask = 2147483647;
			files = (
				14F89476E348AAEFD2EB0AAC /* Pods_CLIDemoTests.framework in Frameworks */,
			);
			runOnlyForDeploymentPostprocessing = 0;
		};
/* End PBXFrameworksBuildPhase section */

/* Begin PBXGroup section */
		11B3653EA2517DA0D5BADBD3 /* Frameworks */ = {
			isa = PBXGroup;
			children = (
				139A4CF42DB41699F0FCB7B8 /* Pods_CLIDemo.framework */,
				8B0E37356275FB8E35B1B7FD /* Pods_CLIDemo2Tests.framework */,
				692889BA92DD502354429D1F /* Pods_CLIDemoTests.framework */,
			);
			name = Frameworks;
			sourceTree = "<group>";
		};
		3082D457E600FB957B35FBFA /* Pods */ = {
			isa = PBXGroup;
			children = (
				A21A382E30E47A7C4E41683D /* Pods-CLIDemo.debug.xcconfig */,
				FB726DB431D79918F94B5DE1 /* Pods-CLIDemo.release.xcconfig */,
				A145D10F4CFC136EA00E3E2F /* Pods-CLIDemo2Tests.debug.xcconfig */,
				28529599F910067E27012894 /* Pods-CLIDemo2Tests.release.xcconfig */,
				85FD6E090D614F3F1B5EB0C7 /* Pods-CLIDemoTests.debug.xcconfig */,
				51AB94884B4D35FD20E2C155 /* Pods-CLIDemoTests.release.xcconfig */,
			);
			name = Pods;
			sourceTree = "<group>";
		};
		E411C8DC1FCD7FC200AC6166 /* Extensions */ = {
			isa = PBXGroup;
			children = (
				E411C8DD1FCD7FF400AC6166 /* SignalProducer+Unbox.swift */,
				E411C8DF1FCD826700AC6166 /* Response+Unbox.swift */,
			);
			path = Extensions;
			sourceTree = "<group>";
		};
		E45CF5F61FD00153005AF92F /* Api */ = {
			isa = PBXGroup;
			children = (
				E46BD5861FCC7E4200033C88 /* GitHubApi.swift */,
				E45CF5FB1FD0B1EA005AF92F /* ReposEndpointSampleData.swift */,
			);
			path = Api;
			sourceTree = "<group>";
		};
		E45CF5F71FD07313005AF92F /* RepositoryDetail */ = {
			isa = PBXGroup;
			children = (
				E45CF5F81FD07329005AF92F /* RepositoryDetailViewController.swift */,
			);
			path = RepositoryDetail;
			sourceTree = "<group>";
		};
		E46BD55A1FCC7CD500033C88 = {
			isa = PBXGroup;
			children = (
				E46BD5651FCC7CD500033C88 /* CLIDemo */,
				E46BD57A1FCC7CD500033C88 /* CLIDemoTests */,
				E46BD5641FCC7CD500033C88 /* Products */,
				3082D457E600FB957B35FBFA /* Pods */,
				11B3653EA2517DA0D5BADBD3 /* Frameworks */,
			);
			sourceTree = "<group>";
		};
		E46BD5641FCC7CD500033C88 /* Products */ = {
			isa = PBXGroup;
			children = (
				E46BD5631FCC7CD500033C88 /* CLIDemo.app */,
				E46BD5771FCC7CD500033C88 /* CLIDemoTests.xctest */,
			);
			name = Products;
			sourceTree = "<group>";
		};
		E46BD5651FCC7CD500033C88 /* CLIDemo */ = {
			isa = PBXGroup;
			children = (
				E45CF5F71FD07313005AF92F /* RepositoryDetail */,
				E45CF5F61FD00153005AF92F /* Api */,
				E411C8DC1FCD7FC200AC6166 /* Extensions */,
				E46BD58F1FCCC7F600033C88 /* Models */,
				E46BD5881FCCC7A800033C88 /* RepositoryList */,
				E46BD5661FCC7CD500033C88 /* AppDelegate.swift */,
				E46BD56D1FCC7CD500033C88 /* Assets.xcassets */,
				E46BD56F1FCC7CD500033C88 /* LaunchScreen.storyboard */,
				E46BD5721FCC7CD500033C88 /* Info.plist */,
			);
			path = CLIDemo;
			sourceTree = "<group>";
		};
		E46BD57A1FCC7CD500033C88 /* CLIDemoTests */ = {
			isa = PBXGroup;
			children = (
				E411C8E11FCDDA4500AC6166 /* RepositoryListViewModelSpecs.swift */,
				E46BD57D1FCC7CD500033C88 /* Info.plist */,
			);
			path = CLIDemoTests;
			sourceTree = "<group>";
		};
		E46BD5881FCCC7A800033C88 /* RepositoryList */ = {
			isa = PBXGroup;
			children = (
				E46BD58B1FCCC7DE00033C88 /* RepositoryListViewModel.swift */,
				E46BD58D1FCCC7ED00033C88 /* RepositoryListViewController.swift */,
			);
			path = RepositoryList;
			sourceTree = "<group>";
		};
		E46BD58F1FCCC7F600033C88 /* Models */ = {
			isa = PBXGroup;
			children = (
				E46BD5901FCCC80400033C88 /* GHRepository.swift */,
			);
			path = Models;
			sourceTree = "<group>";
		};
/* End PBXGroup section */

/* Begin PBXNativeTarget section */
		E46BD5621FCC7CD500033C88 /* CLIDemo */ = {
			isa = PBXNativeTarget;
			buildConfigurationList = E46BD5801FCC7CD500033C88 /* Build configuration list for PBXNativeTarget "CLIDemo" */;
			buildPhases = (
				2C0AC8CA5EB67255CD34646A /* [CP] Check Pods Manifest.lock */,
				E45CF5FA1FD0AF25005AF92F /* ShellScript */,
				E46BD55F1FCC7CD500033C88 /* Sources */,
				E46BD5601FCC7CD500033C88 /* Frameworks */,
				E46BD5611FCC7CD500033C88 /* Resources */,
				595051788B57675696D90829 /* [CP] Embed Pods Frameworks */,
				B537BF0B1A536572024E8336 /* [CP] Copy Pods Resources */,
			);
			buildRules = (
			);
			dependencies = (
			);
			name = CLIDemo;
			productName = CLIDemo;
			productReference = E46BD5631FCC7CD500033C88 /* CLIDemo.app */;
			productType = "com.apple.product-type.application";
		};
		E46BD5761FCC7CD500033C88 /* CLIDemoTests */ = {
			isa = PBXNativeTarget;
			buildConfigurationList = E46BD5831FCC7CD500033C88 /* Build configuration list for PBXNativeTarget "CLIDemoTests" */;
			buildPhases = (
				FD168B0EA68815AA6214CCF6 /* [CP] Check Pods Manifest.lock */,
				E46BD5731FCC7CD500033C88 /* Sources */,
				E46BD5741FCC7CD500033C88 /* Frameworks */,
				E46BD5751FCC7CD500033C88 /* Resources */,
				E642C00CE231E3D9D763BF2B /* [CP] Embed Pods Frameworks */,
				13956F7D82461A3A3C9E92F8 /* [CP] Copy Pods Resources */,
			);
			buildRules = (
			);
			dependencies = (
				E46BD5791FCC7CD500033C88 /* PBXTargetDependency */,
			);
			name = CLIDemoTests;
			productName = CLIDemoTests;
			productReference = E46BD5771FCC7CD500033C88 /* CLIDemoTests.xctest */;
			productType = "com.apple.product-type.bundle.unit-test";
		};
/* End PBXNativeTarget section */

/* Begin PBXProject section */
		E46BD55B1FCC7CD500033C88 /* Project object */ = {
			isa = PBXProject;
			attributes = {
				LastSwiftUpdateCheck = 0910;
				LastUpgradeCheck = 0910;
				ORGANIZATIONNAME = "ImagineOn GmbH";
				TargetAttributes = {
					E46BD5621FCC7CD500033C88 = {
						CreatedOnToolsVersion = 9.1;
						ProvisioningStyle = Automatic;
					};
					E46BD5761FCC7CD500033C88 = {
						CreatedOnToolsVersion = 9.1;
						ProvisioningStyle = Automatic;
						TestTargetID = E46BD5621FCC7CD500033C88;
					};
				};
			};
			buildConfigurationList = E46BD55E1FCC7CD500033C88 /* Build configuration list for PBXProject "CLIDemo" */;
			compatibilityVersion = "Xcode 8.0";
			developmentRegion = en;
			hasScannedForEncodings = 0;
			knownRegions = (
				en,
				Base,
			);
			mainGroup = E46BD55A1FCC7CD500033C88;
			productRefGroup = E46BD5641FCC7CD500033C88 /* Products */;
			projectDirPath = "";
			projectRoot = "";
			targets = (
				E46BD5621FCC7CD500033C88 /* CLIDemo */,
				E46BD5761FCC7CD500033C88 /* CLIDemoTests */,
			);
		};
/* End PBXProject section */

/* Begin PBXResourcesBuildPhase section */
		E46BD5611FCC7CD500033C88 /* Resources */ = {
			isa = PBXResourcesBuildPhase;
			buildActionMask = 2147483647;
			files = (
				E46BD5711FCC7CD500033C88 /* LaunchScreen.storyboard in Resources */,
				E46BD56E1FCC7CD500033C88 /* Assets.xcassets in Resources */,
			);
			runOnlyForDeploymentPostprocessing = 0;
		};
		E46BD5751FCC7CD500033C88 /* Resources */ = {
			isa = PBXResourcesBuildPhase;
			buildActionMask = 2147483647;
			files = (
			);
			runOnlyForDeploymentPostprocessing = 0;
		};
/* End PBXResourcesBuildPhase section */

/* Begin PBXShellScriptBuildPhase section */
		13956F7D82461A3A3C9E92F8 /* [CP] Copy Pods Resources */ = {
			isa = PBXShellScriptBuildPhase;
			buildActionMask = 2147483647;
			files = (
			);
			inputPaths = (
			);
			name = "[CP] Copy Pods Resources";
			outputPaths = (
			);
			runOnlyForDeploymentPostprocessing = 0;
			shellPath = /bin/sh;
			shellScript = "\"${SRCROOT}/Pods/Target Support Files/Pods-CLIDemoTests/Pods-CLIDemoTests-resources.sh\"\n";
			showEnvVarsInLog = 0;
		};
		2C0AC8CA5EB67255CD34646A /* [CP] Check Pods Manifest.lock */ = {
			isa = PBXShellScriptBuildPhase;
			buildActionMask = 2147483647;
			files = (
			);
			inputPaths = (
				"${PODS_PODFILE_DIR_PATH}/Podfile.lock",
				"${PODS_ROOT}/Manifest.lock",
			);
			name = "[CP] Check Pods Manifest.lock";
			outputPaths = (
				"$(DERIVED_FILE_DIR)/Pods-CLIDemo-checkManifestLockResult.txt",
			);
			runOnlyForDeploymentPostprocessing = 0;
			shellPath = /bin/sh;
			shellScript = "diff \"${PODS_PODFILE_DIR_PATH}/Podfile.lock\" \"${PODS_ROOT}/Manifest.lock\" > /dev/null\nif [ $? != 0 ] ; then\n    # print error to STDERR\n    echo \"error: The sandbox is not in sync with the Podfile.lock. Run 'pod install' or update your CocoaPods installation.\" >&2\n    exit 1\nfi\n# This output is used by Xcode 'outputs' to avoid re-running this script phase.\necho \"SUCCESS\" > \"${SCRIPT_OUTPUT_FILE_0}\"\n";
			showEnvVarsInLog = 0;
		};
		595051788B57675696D90829 /* [CP] Embed Pods Frameworks */ = {
			isa = PBXShellScriptBuildPhase;
			buildActionMask = 2147483647;
			files = (
			);
			inputPaths = (
				"${SRCROOT}/Pods/Target Support Files/Pods-CLIDemo/Pods-CLIDemo-frameworks.sh",
				"${BUILT_PRODUCTS_DIR}/Alamofire/Alamofire.framework",
				"${BUILT_PRODUCTS_DIR}/Moya/Moya.framework",
				"${BUILT_PRODUCTS_DIR}/ReactiveCocoa/ReactiveCocoa.framework",
				"${BUILT_PRODUCTS_DIR}/ReactiveSwift/ReactiveSwift.framework",
				"${BUILT_PRODUCTS_DIR}/Result/Result.framework",
				"${BUILT_PRODUCTS_DIR}/SnapKit/SnapKit.framework",
				"${BUILT_PRODUCTS_DIR}/Unbox/Unbox.framework",
			);
			name = "[CP] Embed Pods Frameworks";
			outputPaths = (
				"${TARGET_BUILD_DIR}/${FRAMEWORKS_FOLDER_PATH}/Alamofire.framework",
				"${TARGET_BUILD_DIR}/${FRAMEWORKS_FOLDER_PATH}/Moya.framework",
				"${TARGET_BUILD_DIR}/${FRAMEWORKS_FOLDER_PATH}/ReactiveCocoa.framework",
				"${TARGET_BUILD_DIR}/${FRAMEWORKS_FOLDER_PATH}/ReactiveSwift.framework",
				"${TARGET_BUILD_DIR}/${FRAMEWORKS_FOLDER_PATH}/Result.framework",
				"${TARGET_BUILD_DIR}/${FRAMEWORKS_FOLDER_PATH}/SnapKit.framework",
				"${TARGET_BUILD_DIR}/${FRAMEWORKS_FOLDER_PATH}/Unbox.framework",
			);
			runOnlyForDeploymentPostprocessing = 0;
			shellPath = /bin/sh;
			shellScript = "\"${SRCROOT}/Pods/Target Support Files/Pods-CLIDemo/Pods-CLIDemo-frameworks.sh\"\n";
			showEnvVarsInLog = 0;
		};
		B537BF0B1A536572024E8336 /* [CP] Copy Pods Resources */ = {
			isa = PBXShellScriptBuildPhase;
			buildActionMask = 2147483647;
			files = (
			);
			inputPaths = (
			);
			name = "[CP] Copy Pods Resources";
			outputPaths = (
			);
			runOnlyForDeploymentPostprocessing = 0;
			shellPath = /bin/sh;
			shellScript = "\"${SRCROOT}/Pods/Target Support Files/Pods-CLIDemo/Pods-CLIDemo-resources.sh\"\n";
			showEnvVarsInLog = 0;
		};
		E45CF5FA1FD0AF25005AF92F /* ShellScript */ = {
			isa = PBXShellScriptBuildPhase;
			buildActionMask = 2147483647;
			files = (
			);
			inputPaths = (
			);
			outputPaths = (
			);
			runOnlyForDeploymentPostprocessing = 0;
			shellPath = /bin/sh;
			shellScript = "if which swiftlint >/dev/null; then\n\"${PODS_ROOT}/SwiftLint/swiftlint\"\nelse\necho \"warning: SwiftLint not installed, download from https://github.com/realm/SwiftLint\"\nfi";
		};
		E642C00CE231E3D9D763BF2B /* [CP] Embed Pods Frameworks */ = {
			isa = PBXShellScriptBuildPhase;
			buildActionMask = 2147483647;
			files = (
			);
			inputPaths = (
				"${SRCROOT}/Pods/Target Support Files/Pods-CLIDemoTests/Pods-CLIDemoTests-frameworks.sh",
				"${BUILT_PRODUCTS_DIR}/Nimble/Nimble.framework",
				"${BUILT_PRODUCTS_DIR}/Quick/Quick.framework",
			);
			name = "[CP] Embed Pods Frameworks";
			outputPaths = (
				"${TARGET_BUILD_DIR}/${FRAMEWORKS_FOLDER_PATH}/Nimble.framework",
				"${TARGET_BUILD_DIR}/${FRAMEWORKS_FOLDER_PATH}/Quick.framework",
			);
			runOnlyForDeploymentPostprocessing = 0;
			shellPath = /bin/sh;
			shellScript = "\"${SRCROOT}/Pods/Target Support Files/Pods-CLIDemoTests/Pods-CLIDemoTests-frameworks.sh\"\n";
			showEnvVarsInLog = 0;
		};
		FD168B0EA68815AA6214CCF6 /* [CP] Check Pods Manifest.lock */ = {
			isa = PBXShellScriptBuildPhase;
			buildActionMask = 2147483647;
			files = (
			);
			inputPaths = (
				"${PODS_PODFILE_DIR_PATH}/Podfile.lock",
				"${PODS_ROOT}/Manifest.lock",
			);
			name = "[CP] Check Pods Manifest.lock";
			outputPaths = (
				"$(DERIVED_FILE_DIR)/Pods-CLIDemoTests-checkManifestLockResult.txt",
			);
			runOnlyForDeploymentPostprocessing = 0;
			shellPath = /bin/sh;
			shellScript = "diff \"${PODS_PODFILE_DIR_PATH}/Podfile.lock\" \"${PODS_ROOT}/Manifest.lock\" > /dev/null\nif [ $? != 0 ] ; then\n    # print error to STDERR\n    echo \"error: The sandbox is not in sync with the Podfile.lock. Run 'pod install' or update your CocoaPods installation.\" >&2\n    exit 1\nfi\n# This output is used by Xcode 'outputs' to avoid re-running this script phase.\necho \"SUCCESS\" > \"${SCRIPT_OUTPUT_FILE_0}\"\n";
			showEnvVarsInLog = 0;
		};
/* End PBXShellScriptBuildPhase section */

/* Begin PBXSourcesBuildPhase section */
		E46BD55F1FCC7CD500033C88 /* Sources */ = {
			isa = PBXSourcesBuildPhase;
			buildActionMask = 2147483647;
			files = (
				E46BD58C1FCCC7DE00033C88 /* RepositoryListViewModel.swift in Sources */,
				E45CF5F91FD07329005AF92F /* RepositoryDetailViewController.swift in Sources */,
				E411C8DE1FCD7FF400AC6166 /* SignalProducer+Unbox.swift in Sources */,
				E46BD5671FCC7CD500033C88 /* AppDelegate.swift in Sources */,
				E46BD5871FCC7E4200033C88 /* GitHubApi.swift in Sources */,
				E411C8E01FCD826700AC6166 /* Response+Unbox.swift in Sources */,
				E46BD58E1FCCC7ED00033C88 /* RepositoryListViewController.swift in Sources */,
				E46BD5911FCCC80400033C88 /* GHRepository.swift in Sources */,
				E45CF5FC1FD0B1EA005AF92F /* ReposEndpointSampleData.swift in Sources */,
			);
			runOnlyForDeploymentPostprocessing = 0;
		};
		E46BD5731FCC7CD500033C88 /* Sources */ = {
			isa = PBXSourcesBuildPhase;
			buildActionMask = 2147483647;
			files = (
				E445B6DF1FCF3D1400175237 /* RepositoryListViewModelSpecs.swift in Sources */,
			);
			runOnlyForDeploymentPostprocessing = 0;
		};
/* End PBXSourcesBuildPhase section */

/* Begin PBXTargetDependency section */
		E46BD5791FCC7CD500033C88 /* PBXTargetDependency */ = {
			isa = PBXTargetDependency;
			target = E46BD5621FCC7CD500033C88 /* CLIDemo */;
			targetProxy = E46BD5781FCC7CD500033C88 /* PBXContainerItemProxy */;
		};
/* End PBXTargetDependency section */

/* Begin PBXVariantGroup section */
		E46BD56F1FCC7CD500033C88 /* LaunchScreen.storyboard */ = {
			isa = PBXVariantGroup;
			children = (
				E46BD5701FCC7CD500033C88 /* Base */,
			);
			name = LaunchScreen.storyboard;
			sourceTree = "<group>";
		};
/* End PBXVariantGroup section */

/* Begin XCBuildConfiguration section */
		E46BD57E1FCC7CD500033C88 /* Debug */ = {
			isa = XCBuildConfiguration;
			buildSettings = {
				ALWAYS_SEARCH_USER_PATHS = NO;
				CLANG_ANALYZER_NONNULL = YES;
				CLANG_ANALYZER_NUMBER_OBJECT_CONVERSION = YES_AGGRESSIVE;
				CLANG_CXX_LANGUAGE_STANDARD = "gnu++14";
				CLANG_CXX_LIBRARY = "libc++";
				CLANG_ENABLE_MODULES = YES;
				CLANG_ENABLE_OBJC_ARC = YES;
				CLANG_WARN_BLOCK_CAPTURE_AUTORELEASING = YES;
				CLANG_WARN_BOOL_CONVERSION = YES;
				CLANG_WARN_COMMA = YES;
				CLANG_WARN_CONSTANT_CONVERSION = YES;
				CLANG_WARN_DIRECT_OBJC_ISA_USAGE = YES_ERROR;
				CLANG_WARN_DOCUMENTATION_COMMENTS = YES;
				CLANG_WARN_EMPTY_BODY = YES;
				CLANG_WARN_ENUM_CONVERSION = YES;
				CLANG_WARN_INFINITE_RECURSION = YES;
				CLANG_WARN_INT_CONVERSION = YES;
				CLANG_WARN_NON_LITERAL_NULL_CONVERSION = YES;
				CLANG_WARN_OBJC_LITERAL_CONVERSION = YES;
				CLANG_WARN_OBJC_ROOT_CLASS = YES_ERROR;
				CLANG_WARN_RANGE_LOOP_ANALYSIS = YES;
				CLANG_WARN_STRICT_PROTOTYPES = YES;
				CLANG_WARN_SUSPICIOUS_MOVE = YES;
				CLANG_WARN_UNGUARDED_AVAILABILITY = YES_AGGRESSIVE;
				CLANG_WARN_UNREACHABLE_CODE = YES;
				CLANG_WARN__DUPLICATE_METHOD_MATCH = YES;
				CODE_SIGN_IDENTITY = "iPhone Developer";
				COPY_PHASE_STRIP = NO;
				DEBUG_INFORMATION_FORMAT = dwarf;
				ENABLE_STRICT_OBJC_MSGSEND = YES;
				ENABLE_TESTABILITY = YES;
				GCC_C_LANGUAGE_STANDARD = gnu11;
				GCC_DYNAMIC_NO_PIC = NO;
				GCC_NO_COMMON_BLOCKS = YES;
				GCC_OPTIMIZATION_LEVEL = 0;
				GCC_PREPROCESSOR_DEFINITIONS = (
					"DEBUG=1",
					"$(inherited)",
				);
				GCC_WARN_64_TO_32_BIT_CONVERSION = YES;
				GCC_WARN_ABOUT_RETURN_TYPE = YES_ERROR;
				GCC_WARN_UNDECLARED_SELECTOR = YES;
				GCC_WARN_UNINITIALIZED_AUTOS = YES_AGGRESSIVE;
				GCC_WARN_UNUSED_FUNCTION = YES;
				GCC_WARN_UNUSED_VARIABLE = YES;
				IPHONEOS_DEPLOYMENT_TARGET = 11.1;
				MTL_ENABLE_DEBUG_INFO = YES;
				ONLY_ACTIVE_ARCH = YES;
				SDKROOT = iphoneos;
				SWIFT_ACTIVE_COMPILATION_CONDITIONS = DEBUG;
				SWIFT_OPTIMIZATION_LEVEL = "-Onone";
			};
			name = Debug;
		};
		E46BD57F1FCC7CD500033C88 /* Release */ = {
			isa = XCBuildConfiguration;
			buildSettings = {
				ALWAYS_SEARCH_USER_PATHS = NO;
				CLANG_ANALYZER_NONNULL = YES;
				CLANG_ANALYZER_NUMBER_OBJECT_CONVERSION = YES_AGGRESSIVE;
				CLANG_CXX_LANGUAGE_STANDARD = "gnu++14";
				CLANG_CXX_LIBRARY = "libc++";
				CLANG_ENABLE_MODULES = YES;
				CLANG_ENABLE_OBJC_ARC = YES;
				CLANG_WARN_BLOCK_CAPTURE_AUTORELEASING = YES;
				CLANG_WARN_BOOL_CONVERSION = YES;
				CLANG_WARN_COMMA = YES;
				CLANG_WARN_CONSTANT_CONVERSION = YES;
				CLANG_WARN_DIRECT_OBJC_ISA_USAGE = YES_ERROR;
				CLANG_WARN_DOCUMENTATION_COMMENTS = YES;
				CLANG_WARN_EMPTY_BODY = YES;
				CLANG_WARN_ENUM_CONVERSION = YES;
				CLANG_WARN_INFINITE_RECURSION = YES;
				CLANG_WARN_INT_CONVERSION = YES;
				CLANG_WARN_NON_LITERAL_NULL_CONVERSION = YES;
				CLANG_WARN_OBJC_LITERAL_CONVERSION = YES;
				CLANG_WARN_OBJC_ROOT_CLASS = YES_ERROR;
				CLANG_WARN_RANGE_LOOP_ANALYSIS = YES;
				CLANG_WARN_STRICT_PROTOTYPES = YES;
				CLANG_WARN_SUSPICIOUS_MOVE = YES;
				CLANG_WARN_UNGUARDED_AVAILABILITY = YES_AGGRESSIVE;
				CLANG_WARN_UNREACHABLE_CODE = YES;
				CLANG_WARN__DUPLICATE_METHOD_MATCH = YES;
				CODE_SIGN_IDENTITY = "iPhone Developer";
				COPY_PHASE_STRIP = NO;
				DEBUG_INFORMATION_FORMAT = "dwarf-with-dsym";
				ENABLE_NS_ASSERTIONS = NO;
				ENABLE_STRICT_OBJC_MSGSEND = YES;
				GCC_C_LANGUAGE_STANDARD = gnu11;
				GCC_NO_COMMON_BLOCKS = YES;
				GCC_WARN_64_TO_32_BIT_CONVERSION = YES;
				GCC_WARN_ABOUT_RETURN_TYPE = YES_ERROR;
				GCC_WARN_UNDECLARED_SELECTOR = YES;
				GCC_WARN_UNINITIALIZED_AUTOS = YES_AGGRESSIVE;
				GCC_WARN_UNUSED_FUNCTION = YES;
				GCC_WARN_UNUSED_VARIABLE = YES;
				IPHONEOS_DEPLOYMENT_TARGET = 11.1;
				MTL_ENABLE_DEBUG_INFO = NO;
				SDKROOT = iphoneos;
				SWIFT_OPTIMIZATION_LEVEL = "-Owholemodule";
				VALIDATE_PRODUCT = YES;
			};
			name = Release;
		};
		E46BD5811FCC7CD500033C88 /* Debug */ = {
			isa = XCBuildConfiguration;
			baseConfigurationReference = A21A382E30E47A7C4E41683D /* Pods-CLIDemo.debug.xcconfig */;
			buildSettings = {
				ASSETCATALOG_COMPILER_APPICON_NAME = AppIcon;
				CODE_SIGN_STYLE = Automatic;
				CURRENT_PROJECT_VERSION = 2;
				DEVELOPMENT_TEAM = JL32KY5VXU;
				INFOPLIST_FILE = CLIDemo/Info.plist;
				LD_RUNPATH_SEARCH_PATHS = "$(inherited) @executable_path/Frameworks";
				PRODUCT_BUNDLE_IDENTIFIER = de.imagineon.cliDemo.CLIDemo;
				PRODUCT_NAME = "$(TARGET_NAME)";
				SWIFT_VERSION = 4.0;
				TARGETED_DEVICE_FAMILY = "1,2";
				VERSIONING_SYSTEM = "apple-generic";
			};
			name = Debug;
		};
		E46BD5821FCC7CD500033C88 /* Release */ = {
			isa = XCBuildConfiguration;
			baseConfigurationReference = FB726DB431D79918F94B5DE1 /* Pods-CLIDemo.release.xcconfig */;
			buildSettings = {
				ASSETCATALOG_COMPILER_APPICON_NAME = AppIcon;
				CODE_SIGN_STYLE = Automatic;
				CURRENT_PROJECT_VERSION = 2;
				DEVELOPMENT_TEAM = JL32KY5VXU;
				INFOPLIST_FILE = CLIDemo/Info.plist;
				LD_RUNPATH_SEARCH_PATHS = "$(inherited) @executable_path/Frameworks";
				PRODUCT_BUNDLE_IDENTIFIER = de.imagineon.cliDemo.CLIDemo;
				PRODUCT_NAME = "$(TARGET_NAME)";
				SWIFT_VERSION = 4.0;
				TARGETED_DEVICE_FAMILY = "1,2";
				VERSIONING_SYSTEM = "apple-generic";
			};
			name = Release;
		};
		E46BD5841FCC7CD500033C88 /* Debug */ = {
			isa = XCBuildConfiguration;
			baseConfigurationReference = 85FD6E090D614F3F1B5EB0C7 /* Pods-CLIDemoTests.debug.xcconfig */;
			buildSettings = {
				ALWAYS_EMBED_SWIFT_STANDARD_LIBRARIES = "$(inherited)";
				BUNDLE_LOADER = "$(TEST_HOST)";
				CODE_SIGN_STYLE = Automatic;
				DEVELOPMENT_TEAM = JL32KY5VXU;
				INFOPLIST_FILE = CLIDemoTests/Info.plist;
				LD_RUNPATH_SEARCH_PATHS = "$(inherited) @executable_path/Frameworks @loader_path/Frameworks";
				PRODUCT_BUNDLE_IDENTIFIER = de.imagineon.cliDemo.CLIDemoTests;
				PRODUCT_NAME = "$(TARGET_NAME)";
				SWIFT_VERSION = 4.0;
				TARGETED_DEVICE_FAMILY = "1,2";
				TEST_HOST = "$(BUILT_PRODUCTS_DIR)/CLIDemo.app/CLIDemo";
			};
			name = Debug;
		};
		E46BD5851FCC7CD500033C88 /* Release */ = {
			isa = XCBuildConfiguration;
			baseConfigurationReference = 51AB94884B4D35FD20E2C155 /* Pods-CLIDemoTests.release.xcconfig */;
			buildSettings = {
				ALWAYS_EMBED_SWIFT_STANDARD_LIBRARIES = "$(inherited)";
				BUNDLE_LOADER = "$(TEST_HOST)";
				CODE_SIGN_STYLE = Automatic;
				DEVELOPMENT_TEAM = JL32KY5VXU;
				INFOPLIST_FILE = CLIDemoTests/Info.plist;
				LD_RUNPATH_SEARCH_PATHS = "$(inherited) @executable_path/Frameworks @loader_path/Frameworks";
				PRODUCT_BUNDLE_IDENTIFIER = de.imagineon.cliDemo.CLIDemoTests;
				PRODUCT_NAME = "$(TARGET_NAME)";
				SWIFT_VERSION = 4.0;
				TARGETED_DEVICE_FAMILY = "1,2";
				TEST_HOST = "$(BUILT_PRODUCTS_DIR)/CLIDemo.app/CLIDemo";
			};
			name = Release;
		};
/* End XCBuildConfiguration section */

/* Begin XCConfigurationList section */
		E46BD55E1FCC7CD500033C88 /* Build configuration list for PBXProject "CLIDemo" */ = {
			isa = XCConfigurationList;
			buildConfigurations = (
				E46BD57E1FCC7CD500033C88 /* Debug */,
				E46BD57F1FCC7CD500033C88 /* Release */,
			);
			defaultConfigurationIsVisible = 0;
			defaultConfigurationName = Release;
		};
		E46BD5801FCC7CD500033C88 /* Build configuration list for PBXNativeTarget "CLIDemo" */ = {
			isa = XCConfigurationList;
			buildConfigurations = (
				E46BD5811FCC7CD500033C88 /* Debug */,
				E46BD5821FCC7CD500033C88 /* Release */,
			);
			defaultConfigurationIsVisible = 0;
			defaultConfigurationName = Release;
		};
		E46BD5831FCC7CD500033C88 /* Build configuration list for PBXNativeTarget "CLIDemoTests" */ = {
			isa = XCConfigurationList;
			buildConfigurations = (
				E46BD5841FCC7CD500033C88 /* Debug */,
				E46BD5851FCC7CD500033C88 /* Release */,
			);
			defaultConfigurationIsVisible = 0;
			defaultConfigurationName = Release;
		};
/* End XCConfigurationList section */
	};
	rootObject = E46BD55B1FCC7CD500033C88 /* Project object */;
}
